
Microsoft Visual Studio Solution File, Format Version 12.00
# Visual Studio Version 16
VisualStudioVersion = 16.0.29509.3
MinimumVisualStudioVersion = 10.0.40219.1
Project("{FAE04EC0-301F-11D3-BF4B-00C04F79EFBC}") = "ClassicASP", "ClassicASP\ClassicASP.csproj", "{E0E22AE5-27C0-43F1-9A9B-03E377B10D26}"
EndProject
Project("{9A19103F-16F7-4668-BE54-9A1E7A4F7556}") = "CurrencyService", "CurrencyService\CurrencyService.csproj", "{2D5A2B84-43CB-40B1-806F-772AD29717EE}"
EndProject
Project("{FAE04EC0-301F-11D3-BF4B-00C04F79EFBC}") = "WebForms", "WebForms\WebForms.csproj", "{EEB77090-44A7-47D6-84EB-F21380A30478}"
EndProject
Project("{9A19103F-16F7-4668-BE54-9A1E7A4F7556}") = "CoreOne", "CoreOne\CoreOne.csproj", "{6B76299E-A7A4-41BF-9C43-DC2BE76D3830}"
EndProject
Project("{FAE04EC0-301F-11D3-BF4B-00C04F79EFBC}") = "CoreBlazor", "CoreBlazor\CoreBlazor.csproj", "{2EA3F6A2-E382-4F50-80C2-A2F210E12ECF}"
EndProject
Global
	GlobalSection(SolutionConfigurationPlatforms) = preSolution
		Debug|Any CPU = Debug|Any CPU
		Release|Any CPU = Release|Any CPU
	EndGlobalSection
	GlobalSection(ProjectConfigurationPlatforms) = postSolution
		{E0E22AE5-27C0-43F1-9A9B-03E377B10D26}.Debug|Any CPU.ActiveCfg = Debug|Any CPU
		{E0E22AE5-27C0-43F1-9A9B-03E377B10D26}.Debug|Any CPU.Build.0 = Debug|Any CPU
		{E0E22AE5-27C0-43F1-9A9B-03E377B10D26}.Release|Any CPU.ActiveCfg = Release|Any CPU
		{E0E22AE5-27C0-43F1-9A9B-03E377B10D26}.Release|Any CPU.Build.0 = Release|Any CPU
		{2D5A2B84-43CB-40B1-806F-772AD29717EE}.Debug|Any CPU.ActiveCfg = Debug|Any CPU
		{2D5A2B84-43CB-40B1-806F-772AD29717EE}.Debug|Any CPU.Build.0 = Debug|Any CPU
		{2D5A2B84-43CB-40B1-806F-772AD29717EE}.Release|Any CPU.ActiveCfg = Release|Any CPU
		{2D5A2B84-43CB-40B1-806F-772AD29717EE}.Release|Any CPU.Build.0 = Release|Any CPU
		{EEB77090-44A7-47D6-84EB-F21380A30478}.Debug|Any CPU.ActiveCfg = Debug|Any CPU
		{EEB77090-44A7-47D6-84EB-F21380A30478}.Debug|Any CPU.Build.0 = Debug|Any CPU
		{EEB77090-44A7-47D6-84EB-F21380A30478}.Release|Any CPU.ActiveCfg = Release|Any CPU
		{EEB77090-44A7-47D6-84EB-F21380A30478}.Release|Any CPU.Build.0 = Release|Any CPU
		{6B76299E-A7A4-41BF-9C43-DC2BE76D3830}.Debug|Any CPU.ActiveCfg = Debug|Any CPU
		{6B76299E-A7A4-41BF-9C43-DC2BE76D3830}.Debug|Any CPU.Build.0 = Debug|Any CPU
		{6B76299E-A7A4-41BF-9C43-DC2BE76D3830}.Release|Any CPU.ActiveCfg = Release|Any CPU
		{6B76299E-A7A4-41BF-9C43-DC2BE76D3830}.Release|Any CPU.Build.0 = Release|Any CPU
		{2EA3F6A2-E382-4F50-80C2-A2F210E12ECF}.Debug|Any CPU.ActiveCfg = Debug|Any CPU
		{2EA3F6A2-E382-4F50-80C2-A2F210E12ECF}.Debug|Any CPU.Build.0 = Debug|Any CPU
		{2EA3F6A2-E382-4F50-80C2-A2F210E12ECF}.Release|Any CPU.ActiveCfg = Release|Any CPU
		{2EA3F6A2-E382-4F50-80C2-A2F210E12ECF}.Release|Any CPU.Build.0 = Release|Any CPU
	EndGlobalSection
	GlobalSection(SolutionProperties) = preSolution
		HideSolutionNode = FALSE
	EndGlobalSection
	GlobalSection(ExtensibilityGlobals) = postSolution
		SolutionGuid = {5048E9AF-AD8E-4F12-A29E-608E7EA900FF}
	EndGlobalSection
EndGlobal
